
Microsoft Visual Studio Solution File, Format Version 12.00
# Visual Studio Version 16
VisualStudioVersion = 16.0.32802.440
MinimumVisualStudioVersion = 10.0.40219.1
Project("{9A19103F-16F7-4668-BE54-9A1E7A4F7556}") = "Codec.Robot.Application", "src\Codec.Robot.Application\Codec.Robot.Application.csproj", "{06817FC0-2594-4BCC-9D1E-41D2D4E2A5B4}"
EndProject
Project("{FAE04EC0-301F-11D3-BF4B-00C04F79EFBC}") = "Codec.Robot.Tests", "tests\Codec.Robot.Tests\Codec.Robot.Tests.csproj", "{0C369F78-85DC-4056-8BB9-49D7F874C45D}"
EndProject
Global
	GlobalSection(SolutionConfigurationPlatforms) = preSolution
		Debug|Any CPU = Debug|Any CPU
		Release|Any CPU = Release|Any CPU
	EndGlobalSection
	GlobalSection(ProjectConfigurationPlatforms) = postSolution
		{06817FC0-2594-4BCC-9D1E-41D2D4E2A5B4}.Debug|Any CPU.ActiveCfg = Debug|Any CPU
		{06817FC0-2594-4BCC-9D1E-41D2D4E2A5B4}.Debug|Any CPU.Build.0 = Debug|Any CPU
		{06817FC0-2594-4BCC-9D1E-41D2D4E2A5B4}.Release|Any CPU.ActiveCfg = Release|Any CPU
		{06817FC0-2594-4BCC-9D1E-41D2D4E2A5B4}.Release|Any CPU.Build.0 = Release|Any CPU
		{0C369F78-85DC-4056-8BB9-49D7F874C45D}.Debug|Any CPU.ActiveCfg = Debug|Any CPU
		{0C369F78-85DC-4056-8BB9-49D7F874C45D}.Debug|Any CPU.Build.0 = Debug|Any CPU
		{0C369F78-85DC-4056-8BB9-49D7F874C45D}.Release|Any CPU.ActiveCfg = Release|Any CPU
		{0C369F78-85DC-4056-8BB9-49D7F874C45D}.Release|Any CPU.Build.0 = Release|Any CPU
	EndGlobalSection
	GlobalSection(SolutionProperties) = preSolution
		HideSolutionNode = FALSE
	EndGlobalSection
	GlobalSection(ExtensibilityGlobals) = postSolution
		SolutionGuid = {4D6F01E9-425A-4126-8690-756C76D658CE}
	EndGlobalSection
EndGlobal
